
Microsoft Visual Studio Solution File, Format Version 12.00
# Visual Studio Version 16
VisualStudioVersion = 16.0.32602.291
MinimumVisualStudioVersion = 10.0.40219.1
Project("{9A19103F-16F7-4668-BE54-9A1E7A4F7556}") = "Salon.Model", "Salon.Model\Salon.Model.csproj", "{8DE86991-121A-4850-9DE9-B23F6804199C}"
EndProject
Project("{9A19103F-16F7-4668-BE54-9A1E7A4F7556}") = "Salon.Infra", "Salon.Infra\Salon.Infra.csproj", "{23F0EA2E-F2AB-47CE-B8B0-FA2EDE9A4047}"
EndProject
Project("{9A19103F-16F7-4668-BE54-9A1E7A4F7556}") = "Salon.Service", "Salon.Service\Salon.Service.csproj", "{0D6CF9AF-32D5-4B06-AD85-CBF0FAC66132}"
EndProject
Project("{FAE04EC0-301F-11D3-BF4B-00C04F79EFBC}") = "Salon.Api", "Salon.Api\Salon.Api.csproj", "{BC24D2D6-40C5-42A5-B9DA-2762E970E554}"
EndProject
Global
	GlobalSection(SolutionConfigurationPlatforms) = preSolution
		Debug|Any CPU = Debug|Any CPU
		Release|Any CPU = Release|Any CPU
	EndGlobalSection
	GlobalSection(ProjectConfigurationPlatforms) = postSolution
		{8DE86991-121A-4850-9DE9-B23F6804199C}.Debug|Any CPU.ActiveCfg = Debug|Any CPU
		{8DE86991-121A-4850-9DE9-B23F6804199C}.Debug|Any CPU.Build.0 = Debug|Any CPU
		{8DE86991-121A-4850-9DE9-B23F6804199C}.Release|Any CPU.ActiveCfg = Release|Any CPU
		{8DE86991-121A-4850-9DE9-B23F6804199C}.Release|Any CPU.Build.0 = Release|Any CPU
		{23F0EA2E-F2AB-47CE-B8B0-FA2EDE9A4047}.Debug|Any CPU.ActiveCfg = Debug|Any CPU
		{23F0EA2E-F2AB-47CE-B8B0-FA2EDE9A4047}.Debug|Any CPU.Build.0 = Debug|Any CPU
		{23F0EA2E-F2AB-47CE-B8B0-FA2EDE9A4047}.Release|Any CPU.ActiveCfg = Release|Any CPU
		{23F0EA2E-F2AB-47CE-B8B0-FA2EDE9A4047}.Release|Any CPU.Build.0 = Release|Any CPU
		{0D6CF9AF-32D5-4B06-AD85-CBF0FAC66132}.Debug|Any CPU.ActiveCfg = Debug|Any CPU
		{0D6CF9AF-32D5-4B06-AD85-CBF0FAC66132}.Debug|Any CPU.Build.0 = Debug|Any CPU
		{0D6CF9AF-32D5-4B06-AD85-CBF0FAC66132}.Release|Any CPU.ActiveCfg = Release|Any CPU
		{0D6CF9AF-32D5-4B06-AD85-CBF0FAC66132}.Release|Any CPU.Build.0 = Release|Any CPU
		{BC24D2D6-40C5-42A5-B9DA-2762E970E554}.Debug|Any CPU.ActiveCfg = Debug|Any CPU
		{BC24D2D6-40C5-42A5-B9DA-2762E970E554}.Debug|Any CPU.Build.0 = Debug|Any CPU
		{BC24D2D6-40C5-42A5-B9DA-2762E970E554}.Release|Any CPU.ActiveCfg = Release|Any CPU
		{BC24D2D6-40C5-42A5-B9DA-2762E970E554}.Release|Any CPU.Build.0 = Release|Any CPU
	EndGlobalSection
	GlobalSection(SolutionProperties) = preSolution
		HideSolutionNode = FALSE
	EndGlobalSection
	GlobalSection(ExtensibilityGlobals) = postSolution
		SolutionGuid = {DE7507A9-1B6E-4DC9-A2BB-B2F233455F8D}
	EndGlobalSection
EndGlobal
