
Microsoft Visual Studio Solution File, Format Version 12.00
# Visual Studio Version 17
VisualStudioVersion = 17.0.31919.166
MinimumVisualStudioVersion = 10.0.40219.1
Project("{9A19103F-16F7-4668-BE54-9A1E7A4F7556}") = "Salon.Data", "Salon.Data\Salon.Data.csproj", "{E46BA425-E9DF-4672-99BB-9025FB904989}"
EndProject
Project("{FAE04EC0-301F-11D3-BF4B-00C04F79EFBC}") = "Salon.Model", "Salon.Model\Salon.Model.csproj", "{8DE86991-121A-4850-9DE9-B23F6804199C}"
EndProject
Global
	GlobalSection(SolutionConfigurationPlatforms) = preSolution
		Debug|Any CPU = Debug|Any CPU
		Release|Any CPU = Release|Any CPU
	EndGlobalSection
	GlobalSection(ProjectConfigurationPlatforms) = postSolution
		{E46BA425-E9DF-4672-99BB-9025FB904989}.Debug|Any CPU.ActiveCfg = Debug|Any CPU
		{E46BA425-E9DF-4672-99BB-9025FB904989}.Debug|Any CPU.Build.0 = Debug|Any CPU
		{E46BA425-E9DF-4672-99BB-9025FB904989}.Release|Any CPU.ActiveCfg = Release|Any CPU
		{E46BA425-E9DF-4672-99BB-9025FB904989}.Release|Any CPU.Build.0 = Release|Any CPU
		{8DE86991-121A-4850-9DE9-B23F6804199C}.Debug|Any CPU.ActiveCfg = Debug|Any CPU
		{8DE86991-121A-4850-9DE9-B23F6804199C}.Debug|Any CPU.Build.0 = Debug|Any CPU
		{8DE86991-121A-4850-9DE9-B23F6804199C}.Release|Any CPU.ActiveCfg = Release|Any CPU
		{8DE86991-121A-4850-9DE9-B23F6804199C}.Release|Any CPU.Build.0 = Release|Any CPU
	EndGlobalSection
	GlobalSection(SolutionProperties) = preSolution
		HideSolutionNode = FALSE
	EndGlobalSection
	GlobalSection(ExtensibilityGlobals) = postSolution
		SolutionGuid = {DE7507A9-1B6E-4DC9-A2BB-B2F233455F8D}
	EndGlobalSection
EndGlobal
